// !$*UTF8*$!
{
	archiveVersion = 1;
	classes = {
	};
	objectVersion = 46;
	objects = {

/* Begin PBXBuildFile section */
		8F02A5CB1E431377000EE5F1 /* UIBezierPath+Gear.swift in Sources */ = {isa = PBXBuildFile; fileRef = 8F02A5CA1E431377000EE5F1 /* UIBezierPath+Gear.swift */; };
		8F36908D1DDC4C7B0027946A /* UIBezierPath+Triangle.swift in Sources */ = {isa = PBXBuildFile; fileRef = 8F36908C1DDC4C7B0027946A /* UIBezierPath+Triangle.swift */; };
		8F36908F1DDC50EE0027946A /* UIBezierPath+Polygon.swift in Sources */ = {isa = PBXBuildFile; fileRef = 8F36908E1DDC50EE0027946A /* UIBezierPath+Polygon.swift */; };
		8F4B32C01C8DA11E00275253 /* UIBezierPath+Dash.swift in Sources */ = {isa = PBXBuildFile; fileRef = 8F4B32BF1C8DA11E00275253 /* UIBezierPath+Dash.swift */; };
		8F4B32C21C8DA7BB00275253 /* UIBezierPath+Equality.swift in Sources */ = {isa = PBXBuildFile; fileRef = 8F4B32C11C8DA7BB00275253 /* UIBezierPath+Equality.swift */; };
		8F4B32C31C8DAA0900275253 /* Arithmetic.framework in Frameworks */ = {isa = PBXBuildFile; fileRef = 8F7E0C9E1C8701CD00C2104D /* Arithmetic.framework */; };
		8F4B32C41C8DAA0900275253 /* Collections.framework in Frameworks */ = {isa = PBXBuildFile; fileRef = 8F7E0C9F1C8701CE00C2104D /* Collections.framework */; };
		8F4B32C51C8DAA0900275253 /* Graphics.framework in Frameworks */ = {isa = PBXBuildFile; fileRef = 8F7E0CA11C8701CE00C2104D /* Graphics.framework */; };
		8F4B32C71C8DAEC700275253 /* UIBezierPath+Fit.swift in Sources */ = {isa = PBXBuildFile; fileRef = 8F4B32C61C8DAEC700275253 /* UIBezierPath+Fit.swift */; };
		8F4B32C91C8DB8AC00275253 /* UIBezierPath+Flip.swift in Sources */ = {isa = PBXBuildFile; fileRef = 8F4B32C81C8DB8AC00275253 /* UIBezierPath+Flip.swift */; };
		8F4B32CB1C8ECDCB00275253 /* UIBezierPath+Bounds.swift in Sources */ = {isa = PBXBuildFile; fileRef = 8F4B32CA1C8ECDCB00275253 /* UIBezierPath+Bounds.swift */; };
		8F4D486D1E28EF6300019D96 /* UIBezierPath+Hit.swift in Sources */ = {isa = PBXBuildFile; fileRef = 8F4D486C1E28EF6300019D96 /* UIBezierPath+Hit.swift */; };
		8F55D7941D49152600E58FBB /* UIBezierPath+Copy.swift in Sources */ = {isa = PBXBuildFile; fileRef = 8F55D7931D49152600E58FBB /* UIBezierPath+Copy.swift */; };
		8F55D7981D49484200E58FBB /* UIBezierPath+Heart.swift in Sources */ = {isa = PBXBuildFile; fileRef = 8F55D7971D49484200E58FBB /* UIBezierPath+Heart.swift */; };
		8F77117B1C872FAD00B6B218 /* Plus.swift in Sources */ = {isa = PBXBuildFile; fileRef = 8F77117A1C872FAD00B6B218 /* Plus.swift */; };
		8F77117D1C8730F200B6B218 /* Bars.swift in Sources */ = {isa = PBXBuildFile; fileRef = 8F77117C1C8730F200B6B218 /* Bars.swift */; };
		8F7711FC1C897EA900B6B218 /* LineJoin.swift in Sources */ = {isa = PBXBuildFile; fileRef = 8F7711FB1C897EA900B6B218 /* LineJoin.swift */; };
		8F7711FE1C897F8300B6B218 /* LineCap.swift in Sources */ = {isa = PBXBuildFile; fileRef = 8F7711FD1C897F8300B6B218 /* LineCap.swift */; };
		8F7E0C761C85E00D00C2104D /* Path.h in Headers */ = {isa = PBXBuildFile; fileRef = 8F7E0C751C85E00D00C2104D /* Path.h */; settings = {ATTRIBUTES = (Public, ); }; };
		8F7E0C7D1C85E00D00C2104D /* Path.framework in Frameworks */ = {isa = PBXBuildFile; fileRef = 8F7E0C721C85E00D00C2104D /* Path.framework */; };
		8F7E0C821C85E00D00C2104D /* PathTests.swift in Sources */ = {isa = PBXBuildFile; fileRef = 8F7E0C811C85E00D00C2104D /* PathTests.swift */; };
		8F7E0C8E1C85E27C00C2104D /* PathElement.swift in Sources */ = {isa = PBXBuildFile; fileRef = 8F7E0C8D1C85E27C00C2104D /* PathElement.swift */; };
		8F7E0C901C85FBC600C2104D /* GraphicsPath.swift in Sources */ = {isa = PBXBuildFile; fileRef = 8F7E0C8F1C85FBC600C2104D /* GraphicsPath.swift */; };
		8F7E0C921C86F90400C2104D /* CGPath.swift in Sources */ = {isa = PBXBuildFile; fileRef = 8F7E0C911C86F90400C2104D /* CGPath.swift */; };
		8F7E0C941C86FCF800C2104D /* UIBezierPath+Elements.swift in Sources */ = {isa = PBXBuildFile; fileRef = 8F7E0C931C86FCF800C2104D /* UIBezierPath+Elements.swift */; };
		8F7E0C961C86FE3400C2104D /* UIBezierPath+Text.swift in Sources */ = {isa = PBXBuildFile; fileRef = 8F7E0C951C86FE3400C2104D /* UIBezierPath+Text.swift */; };
		8F7E0C981C86FE8600C2104D /* UIBezierPath+Curves.swift in Sources */ = {isa = PBXBuildFile; fileRef = 8F7E0C971C86FE8600C2104D /* UIBezierPath+Curves.swift */; };
		8F7E0C9A1C86FE9D00C2104D /* CubicBezierCurve.swift in Sources */ = {isa = PBXBuildFile; fileRef = 8F7E0C991C86FE9D00C2104D /* CubicBezierCurve.swift */; };
		8F7E0C9D1C86FF1100C2104D /* Cartfile in Resources */ = {isa = PBXBuildFile; fileRef = 8F7E0C9C1C86FF1100C2104D /* Cartfile */; };
		8F7E0CA21C8701CE00C2104D /* Arithmetic.framework in Frameworks */ = {isa = PBXBuildFile; fileRef = 8F7E0C9E1C8701CD00C2104D /* Arithmetic.framework */; };
		8F7E0CA31C8701CE00C2104D /* Collections.framework in Frameworks */ = {isa = PBXBuildFile; fileRef = 8F7E0C9F1C8701CE00C2104D /* Collections.framework */; };
		8F7E0CA51C8701CE00C2104D /* Graphics.framework in Frameworks */ = {isa = PBXBuildFile; fileRef = 8F7E0CA11C8701CE00C2104D /* Graphics.framework */; };
		8F7E0CA71C87095900C2104D /* UIBezierPath+Image.swift in Sources */ = {isa = PBXBuildFile; fileRef = 8F7E0CA61C87095900C2104D /* UIBezierPath+Image.swift */; };
		8F7E0CA91C870A1800C2104D /* Spiral.swift in Sources */ = {isa = PBXBuildFile; fileRef = 8F7E0CA81C870A1800C2104D /* Spiral.swift */; };
		8F7E0CAB1C870B5200C2104D /* Cresent.swift in Sources */ = {isa = PBXBuildFile; fileRef = 8F7E0CAA1C870B5200C2104D /* Cresent.swift */; };
		8F8C21B81DCC834300E7DBD9 /* UIBezierPath+Dots.swift in Sources */ = {isa = PBXBuildFile; fileRef = 8F8C21B71DCC834300E7DBD9 /* UIBezierPath+Dots.swift */; };
		8F8C21BD1DCC890500E7DBD9 /* DotsViewController.swift in Sources */ = {isa = PBXBuildFile; fileRef = 8F8C21BC1DCC890500E7DBD9 /* DotsViewController.swift */; };
		8F97AD471CEEE67C002DF85C /* UIBezierPath+Align.swift in Sources */ = {isa = PBXBuildFile; fileRef = 8F97AD461CEEE67C002DF85C /* UIBezierPath+Align.swift */; };
		8F97AD491CEEEE79002DF85C /* Alignment.swift in Sources */ = {isa = PBXBuildFile; fileRef = 8F97AD481CEEEE79002DF85C /* Alignment.swift */; };
		8FA50D091CABC2BF005D28B6 /* PathLabel.swift in Sources */ = {isa = PBXBuildFile; fileRef = 8FA50D081CABC2BF005D28B6 /* PathLabel.swift */; };
		8FA50D111CABC7CE005D28B6 /* AppDelegate.swift in Sources */ = {isa = PBXBuildFile; fileRef = 8FA50D101CABC7CE005D28B6 /* AppDelegate.swift */; };
		8FA50D131CABC7CE005D28B6 /* ViewController.swift in Sources */ = {isa = PBXBuildFile; fileRef = 8FA50D121CABC7CE005D28B6 /* ViewController.swift */; };
		8FA50D161CABC7CE005D28B6 /* Main.storyboard in Resources */ = {isa = PBXBuildFile; fileRef = 8FA50D141CABC7CE005D28B6 /* Main.storyboard */; };
		8FA50D181CABC7CE005D28B6 /* Assets.xcassets in Resources */ = {isa = PBXBuildFile; fileRef = 8FA50D171CABC7CE005D28B6 /* Assets.xcassets */; };
		8FA50D1B1CABC7CE005D28B6 /* LaunchScreen.storyboard in Resources */ = {isa = PBXBuildFile; fileRef = 8FA50D191CABC7CE005D28B6 /* LaunchScreen.storyboard */; };
		8FA50D201CABC8A7005D28B6 /* Path.framework in Frameworks */ = {isa = PBXBuildFile; fileRef = 8F7E0C721C85E00D00C2104D /* Path.framework */; };
		8FA50D211CABC8A7005D28B6 /* Path.framework in Embed Frameworks */ = {isa = PBXBuildFile; fileRef = 8F7E0C721C85E00D00C2104D /* Path.framework */; settings = {ATTRIBUTES = (CodeSignOnCopy, RemoveHeadersOnCopy, ); }; };
		8FA50D251CABC8B0005D28B6 /* Arithmetic.framework in Frameworks */ = {isa = PBXBuildFile; fileRef = 8F7E0C9E1C8701CD00C2104D /* Arithmetic.framework */; };
		8FA50D261CABC8B0005D28B6 /* Arithmetic.framework in Embed Frameworks */ = {isa = PBXBuildFile; fileRef = 8F7E0C9E1C8701CD00C2104D /* Arithmetic.framework */; settings = {ATTRIBUTES = (CodeSignOnCopy, RemoveHeadersOnCopy, ); }; };
		8FA50D271CABC8B5005D28B6 /* Collections.framework in Frameworks */ = {isa = PBXBuildFile; fileRef = 8F7E0C9F1C8701CE00C2104D /* Collections.framework */; };
		8FA50D281CABC8B5005D28B6 /* Collections.framework in Embed Frameworks */ = {isa = PBXBuildFile; fileRef = 8F7E0C9F1C8701CE00C2104D /* Collections.framework */; settings = {ATTRIBUTES = (CodeSignOnCopy, RemoveHeadersOnCopy, ); }; };
		8FA50D291CABC8BB005D28B6 /* Graphics.framework in Frameworks */ = {isa = PBXBuildFile; fileRef = 8F7E0CA11C8701CE00C2104D /* Graphics.framework */; };
		8FA50D2A1CABC8BB005D28B6 /* Graphics.framework in Embed Frameworks */ = {isa = PBXBuildFile; fileRef = 8F7E0CA11C8701CE00C2104D /* Graphics.framework */; settings = {ATTRIBUTES = (CodeSignOnCopy, RemoveHeadersOnCopy, ); }; };
		8FC022551DA51D5C009BC08C /* DragViewController.swift in Sources */ = {isa = PBXBuildFile; fileRef = 8FC022541DA51D5C009BC08C /* DragViewController.swift */; };
		8FC022581DA52210009BC08C /* Animation.framework in Frameworks */ = {isa = PBXBuildFile; fileRef = 8FC022571DA52210009BC08C /* Animation.framework */; };
		8FC022591DA52225009BC08C /* Animation.framework in Frameworks */ = {isa = PBXBuildFile; fileRef = 8FC022571DA52210009BC08C /* Animation.framework */; };
		8FC0225A1DA52225009BC08C /* Animation.framework in Embed Frameworks */ = {isa = PBXBuildFile; fileRef = 8FC022571DA52210009BC08C /* Animation.framework */; settings = {ATTRIBUTES = (CodeSignOnCopy, RemoveHeadersOnCopy, ); }; };
		8FC0225C1DA52262009BC08C /* PathLabel+Animate.swift in Sources */ = {isa = PBXBuildFile; fileRef = 8FC0225B1DA52262009BC08C /* PathLabel+Animate.swift */; };
		8FC0225F1DA524CC009BC08C /* Easing.framework in Frameworks */ = {isa = PBXBuildFile; fileRef = 8FC0225D1DA52498009BC08C /* Easing.framework */; };
		8FC022601DA5251D009BC08C /* Easing.framework in Embed Frameworks */ = {isa = PBXBuildFile; fileRef = 8FC0225D1DA52498009BC08C /* Easing.framework */; settings = {ATTRIBUTES = (CodeSignOnCopy, RemoveHeadersOnCopy, ); }; };
		8FCAE9311C87171900D69136 /* SuperEllipse.swift in Sources */ = {isa = PBXBuildFile; fileRef = 8FCAE9301C87171900D69136 /* SuperEllipse.swift */; };
		8FCAE9331C87183100D69136 /* Star.swift in Sources */ = {isa = PBXBuildFile; fileRef = 8FCAE9321C87183100D69136 /* Star.swift */; };
		8FCAE9351C87184B00D69136 /* Drop.swift in Sources */ = {isa = PBXBuildFile; fileRef = 8FCAE9341C87184B00D69136 /* Drop.swift */; };
		8FCAE9371C8718D000D69136 /* Vector.swift in Sources */ = {isa = PBXBuildFile; fileRef = 8FCAE9361C8718D000D69136 /* Vector.swift */; };
		8FEA6B471DA4F7A2002460BB /* UIBezierPath+Translate.swift in Sources */ = {isa = PBXBuildFile; fileRef = 8FEA6B461DA4F7A2002460BB /* UIBezierPath+Translate.swift */; };
		8FEA6B491DA4F895002460BB /* UIBezierPath+Rotate.swift in Sources */ = {isa = PBXBuildFile; fileRef = 8FEA6B481DA4F895002460BB /* UIBezierPath+Rotate.swift */; };
		8FEA6B4B1DA4F90D002460BB /* UIBezierPath+Scale.swift in Sources */ = {isa = PBXBuildFile; fileRef = 8FEA6B4A1DA4F90D002460BB /* UIBezierPath+Scale.swift */; };
		8FEA6B4F1DA507BA002460BB /* UIBezierPath+Warp.swift in Sources */ = {isa = PBXBuildFile; fileRef = 8FEA6B4E1DA507BA002460BB /* UIBezierPath+Warp.swift */; };
/* End PBXBuildFile section */

/* Begin PBXContainerItemProxy section */
		8F7E0C7E1C85E00D00C2104D /* PBXContainerItemProxy */ = {
			isa = PBXContainerItemProxy;
			containerPortal = 8F7E0C691C85E00D00C2104D /* Project object */;
			proxyType = 1;
			remoteGlobalIDString = 8F7E0C711C85E00D00C2104D;
			remoteInfo = Path;
		};
		8FA50D221CABC8A7005D28B6 /* PBXContainerItemProxy */ = {
			isa = PBXContainerItemProxy;
			containerPortal = 8F7E0C691C85E00D00C2104D /* Project object */;
			proxyType = 1;
			remoteGlobalIDString = 8F7E0C711C85E00D00C2104D;
			remoteInfo = Path;
		};
/* End PBXContainerItemProxy section */

/* Begin PBXCopyFilesBuildPhase section */
		8FA50D241CABC8A8005D28B6 /* Embed Frameworks */ = {
			isa = PBXCopyFilesBuildPhase;
			buildActionMask = 2147483647;
			dstPath = "";
			dstSubfolderSpec = 10;
			files = (
				8FC022601DA5251D009BC08C /* Easing.framework in Embed Frameworks */,
				8FA50D261CABC8B0005D28B6 /* Arithmetic.framework in Embed Frameworks */,
				8FA50D211CABC8A7005D28B6 /* Path.framework in Embed Frameworks */,
				8FA50D281CABC8B5005D28B6 /* Collections.framework in Embed Frameworks */,
				8FC0225A1DA52225009BC08C /* Animation.framework in Embed Frameworks */,
				8FA50D2A1CABC8BB005D28B6 /* Graphics.framework in Embed Frameworks */,
			);
			name = "Embed Frameworks";
			runOnlyForDeploymentPostprocessing = 0;
		};
/* End PBXCopyFilesBuildPhase section */

/* Begin PBXFileReference section */
		8F02A5CA1E431377000EE5F1 /* UIBezierPath+Gear.swift */ = {isa = PBXFileReference; fileEncoding = 4; lastKnownFileType = sourcecode.swift; path = "UIBezierPath+Gear.swift"; sourceTree = "<group>"; };
		8F36908C1DDC4C7B0027946A /* UIBezierPath+Triangle.swift */ = {isa = PBXFileReference; fileEncoding = 4; lastKnownFileType = sourcecode.swift; path = "UIBezierPath+Triangle.swift"; sourceTree = "<group>"; };
		8F36908E1DDC50EE0027946A /* UIBezierPath+Polygon.swift */ = {isa = PBXFileReference; fileEncoding = 4; lastKnownFileType = sourcecode.swift; path = "UIBezierPath+Polygon.swift"; sourceTree = "<group>"; };
		8F4B32BF1C8DA11E00275253 /* UIBezierPath+Dash.swift */ = {isa = PBXFileReference; fileEncoding = 4; lastKnownFileType = sourcecode.swift; path = "UIBezierPath+Dash.swift"; sourceTree = "<group>"; };
		8F4B32C11C8DA7BB00275253 /* UIBezierPath+Equality.swift */ = {isa = PBXFileReference; fileEncoding = 4; lastKnownFileType = sourcecode.swift; path = "UIBezierPath+Equality.swift"; sourceTree = "<group>"; };
		8F4B32C61C8DAEC700275253 /* UIBezierPath+Fit.swift */ = {isa = PBXFileReference; fileEncoding = 4; lastKnownFileType = sourcecode.swift; path = "UIBezierPath+Fit.swift"; sourceTree = "<group>"; };
		8F4B32C81C8DB8AC00275253 /* UIBezierPath+Flip.swift */ = {isa = PBXFileReference; fileEncoding = 4; lastKnownFileType = sourcecode.swift; path = "UIBezierPath+Flip.swift"; sourceTree = "<group>"; };
		8F4B32CA1C8ECDCB00275253 /* UIBezierPath+Bounds.swift */ = {isa = PBXFileReference; fileEncoding = 4; lastKnownFileType = sourcecode.swift; path = "UIBezierPath+Bounds.swift"; sourceTree = "<group>"; };
		8F4D486C1E28EF6300019D96 /* UIBezierPath+Hit.swift */ = {isa = PBXFileReference; fileEncoding = 4; lastKnownFileType = sourcecode.swift; path = "UIBezierPath+Hit.swift"; sourceTree = "<group>"; };
		8F55D7931D49152600E58FBB /* UIBezierPath+Copy.swift */ = {isa = PBXFileReference; fileEncoding = 4; lastKnownFileType = sourcecode.swift; path = "UIBezierPath+Copy.swift"; sourceTree = "<group>"; };
		8F55D7971D49484200E58FBB /* UIBezierPath+Heart.swift */ = {isa = PBXFileReference; fileEncoding = 4; lastKnownFileType = sourcecode.swift; path = "UIBezierPath+Heart.swift"; sourceTree = "<group>"; };
		8F77117A1C872FAD00B6B218 /* Plus.swift */ = {isa = PBXFileReference; fileEncoding = 4; lastKnownFileType = sourcecode.swift; path = Plus.swift; sourceTree = "<group>"; };
		8F77117C1C8730F200B6B218 /* Bars.swift */ = {isa = PBXFileReference; fileEncoding = 4; lastKnownFileType = sourcecode.swift; path = Bars.swift; sourceTree = "<group>"; };
		8F7711FB1C897EA900B6B218 /* LineJoin.swift */ = {isa = PBXFileReference; fileEncoding = 4; lastKnownFileType = sourcecode.swift; path = LineJoin.swift; sourceTree = "<group>"; };
		8F7711FD1C897F8300B6B218 /* LineCap.swift */ = {isa = PBXFileReference; fileEncoding = 4; lastKnownFileType = sourcecode.swift; path = LineCap.swift; sourceTree = "<group>"; };
		8F7E0C721C85E00D00C2104D /* Path.framework */ = {isa = PBXFileReference; explicitFileType = wrapper.framework; includeInIndex = 0; path = Path.framework; sourceTree = BUILT_PRODUCTS_DIR; };
		8F7E0C751C85E00D00C2104D /* Path.h */ = {isa = PBXFileReference; lastKnownFileType = sourcecode.c.h; path = Path.h; sourceTree = "<group>"; };
		8F7E0C771C85E00D00C2104D /* Info.plist */ = {isa = PBXFileReference; lastKnownFileType = text.plist.xml; path = Info.plist; sourceTree = "<group>"; };
		8F7E0C7C1C85E00D00C2104D /* PathTests.xctest */ = {isa = PBXFileReference; explicitFileType = wrapper.cfbundle; includeInIndex = 0; path = PathTests.xctest; sourceTree = BUILT_PRODUCTS_DIR; };
		8F7E0C811C85E00D00C2104D /* PathTests.swift */ = {isa = PBXFileReference; lastKnownFileType = sourcecode.swift; path = PathTests.swift; sourceTree = "<group>"; };
		8F7E0C831C85E00D00C2104D /* Info.plist */ = {isa = PBXFileReference; lastKnownFileType = text.plist.xml; path = Info.plist; sourceTree = "<group>"; };
		8F7E0C8D1C85E27C00C2104D /* PathElement.swift */ = {isa = PBXFileReference; fileEncoding = 4; lastKnownFileType = sourcecode.swift; path = PathElement.swift; sourceTree = "<group>"; };
		8F7E0C8F1C85FBC600C2104D /* GraphicsPath.swift */ = {isa = PBXFileReference; fileEncoding = 4; lastKnownFileType = sourcecode.swift; path = GraphicsPath.swift; sourceTree = "<group>"; };
		8F7E0C911C86F90400C2104D /* CGPath.swift */ = {isa = PBXFileReference; fileEncoding = 4; lastKnownFileType = sourcecode.swift; path = CGPath.swift; sourceTree = "<group>"; };
		8F7E0C931C86FCF800C2104D /* UIBezierPath+Elements.swift */ = {isa = PBXFileReference; fileEncoding = 4; lastKnownFileType = sourcecode.swift; path = "UIBezierPath+Elements.swift"; sourceTree = "<group>"; };
		8F7E0C951C86FE3400C2104D /* UIBezierPath+Text.swift */ = {isa = PBXFileReference; fileEncoding = 4; lastKnownFileType = sourcecode.swift; path = "UIBezierPath+Text.swift"; sourceTree = "<group>"; };
		8F7E0C971C86FE8600C2104D /* UIBezierPath+Curves.swift */ = {isa = PBXFileReference; fileEncoding = 4; lastKnownFileType = sourcecode.swift; path = "UIBezierPath+Curves.swift"; sourceTree = "<group>"; };
		8F7E0C991C86FE9D00C2104D /* CubicBezierCurve.swift */ = {isa = PBXFileReference; fileEncoding = 4; lastKnownFileType = sourcecode.swift; path = CubicBezierCurve.swift; sourceTree = "<group>"; };
		8F7E0C9C1C86FF1100C2104D /* Cartfile */ = {isa = PBXFileReference; fileEncoding = 4; lastKnownFileType = text; path = Cartfile; sourceTree = "<group>"; };
		8F7E0C9E1C8701CD00C2104D /* Arithmetic.framework */ = {isa = PBXFileReference; lastKnownFileType = wrapper.framework; name = Arithmetic.framework; path = Carthage/Build/iOS/Arithmetic.framework; sourceTree = "<group>"; };
		8F7E0C9F1C8701CE00C2104D /* Collections.framework */ = {isa = PBXFileReference; lastKnownFileType = wrapper.framework; name = Collections.framework; path = Carthage/Build/iOS/Collections.framework; sourceTree = "<group>"; };
		8F7E0CA11C8701CE00C2104D /* Graphics.framework */ = {isa = PBXFileReference; lastKnownFileType = wrapper.framework; name = Graphics.framework; path = Carthage/Build/iOS/Graphics.framework; sourceTree = "<group>"; };
		8F7E0CA61C87095900C2104D /* UIBezierPath+Image.swift */ = {isa = PBXFileReference; fileEncoding = 4; lastKnownFileType = sourcecode.swift; path = "UIBezierPath+Image.swift"; sourceTree = "<group>"; };
		8F7E0CA81C870A1800C2104D /* Spiral.swift */ = {isa = PBXFileReference; fileEncoding = 4; lastKnownFileType = sourcecode.swift; path = Spiral.swift; sourceTree = "<group>"; };
		8F7E0CAA1C870B5200C2104D /* Cresent.swift */ = {isa = PBXFileReference; fileEncoding = 4; lastKnownFileType = sourcecode.swift; path = Cresent.swift; sourceTree = "<group>"; };
		8F8C21B71DCC834300E7DBD9 /* UIBezierPath+Dots.swift */ = {isa = PBXFileReference; fileEncoding = 4; lastKnownFileType = sourcecode.swift; path = "UIBezierPath+Dots.swift"; sourceTree = "<group>"; };
		8F8C21BC1DCC890500E7DBD9 /* DotsViewController.swift */ = {isa = PBXFileReference; fileEncoding = 4; lastKnownFileType = sourcecode.swift; path = DotsViewController.swift; sourceTree = "<group>"; };
		8F97AD461CEEE67C002DF85C /* UIBezierPath+Align.swift */ = {isa = PBXFileReference; fileEncoding = 4; lastKnownFileType = sourcecode.swift; path = "UIBezierPath+Align.swift"; sourceTree = "<group>"; };
		8F97AD481CEEEE79002DF85C /* Alignment.swift */ = {isa = PBXFileReference; fileEncoding = 4; lastKnownFileType = sourcecode.swift; path = Alignment.swift; sourceTree = "<group>"; };
		8FA50D081CABC2BF005D28B6 /* PathLabel.swift */ = {isa = PBXFileReference; fileEncoding = 4; lastKnownFileType = sourcecode.swift; path = PathLabel.swift; sourceTree = "<group>"; };
		8FA50D0E1CABC7CE005D28B6 /* PathDemo.app */ = {isa = PBXFileReference; explicitFileType = wrapper.application; includeInIndex = 0; path = PathDemo.app; sourceTree = BUILT_PRODUCTS_DIR; };
		8FA50D101CABC7CE005D28B6 /* AppDelegate.swift */ = {isa = PBXFileReference; lastKnownFileType = sourcecode.swift; path = AppDelegate.swift; sourceTree = "<group>"; };
		8FA50D121CABC7CE005D28B6 /* ViewController.swift */ = {isa = PBXFileReference; lastKnownFileType = sourcecode.swift; path = ViewController.swift; sourceTree = "<group>"; };
		8FA50D151CABC7CE005D28B6 /* Base */ = {isa = PBXFileReference; lastKnownFileType = file.storyboard; name = Base; path = Base.lproj/Main.storyboard; sourceTree = "<group>"; };
		8FA50D171CABC7CE005D28B6 /* Assets.xcassets */ = {isa = PBXFileReference; lastKnownFileType = folder.assetcatalog; path = Assets.xcassets; sourceTree = "<group>"; };
		8FA50D1A1CABC7CE005D28B6 /* Base */ = {isa = PBXFileReference; lastKnownFileType = file.storyboard; name = Base; path = Base.lproj/LaunchScreen.storyboard; sourceTree = "<group>"; };
		8FA50D1C1CABC7CE005D28B6 /* Info.plist */ = {isa = PBXFileReference; lastKnownFileType = text.plist.xml; path = Info.plist; sourceTree = "<group>"; };
		8FC022541DA51D5C009BC08C /* DragViewController.swift */ = {isa = PBXFileReference; fileEncoding = 4; lastKnownFileType = sourcecode.swift; path = DragViewController.swift; sourceTree = "<group>"; };
		8FC022571DA52210009BC08C /* Animation.framework */ = {isa = PBXFileReference; lastKnownFileType = wrapper.framework; name = Animation.framework; path = Carthage/Build/iOS/Animation.framework; sourceTree = "<group>"; };
		8FC0225B1DA52262009BC08C /* PathLabel+Animate.swift */ = {isa = PBXFileReference; fileEncoding = 4; lastKnownFileType = sourcecode.swift; path = "PathLabel+Animate.swift"; sourceTree = "<group>"; };
		8FC0225D1DA52498009BC08C /* Easing.framework */ = {isa = PBXFileReference; lastKnownFileType = wrapper.framework; name = Easing.framework; path = Carthage/Build/iOS/Easing.framework; sourceTree = "<group>"; };
		8FCAE9301C87171900D69136 /* SuperEllipse.swift */ = {isa = PBXFileReference; fileEncoding = 4; lastKnownFileType = sourcecode.swift; path = SuperEllipse.swift; sourceTree = "<group>"; };
		8FCAE9321C87183100D69136 /* Star.swift */ = {isa = PBXFileReference; fileEncoding = 4; lastKnownFileType = sourcecode.swift; path = Star.swift; sourceTree = "<group>"; };
		8FCAE9341C87184B00D69136 /* Drop.swift */ = {isa = PBXFileReference; fileEncoding = 4; lastKnownFileType = sourcecode.swift; path = Drop.swift; sourceTree = "<group>"; };
		8FCAE9361C8718D000D69136 /* Vector.swift */ = {isa = PBXFileReference; fileEncoding = 4; lastKnownFileType = sourcecode.swift; path = Vector.swift; sourceTree = "<group>"; };
		8FEA6B461DA4F7A2002460BB /* UIBezierPath+Translate.swift */ = {isa = PBXFileReference; fileEncoding = 4; lastKnownFileType = sourcecode.swift; path = "UIBezierPath+Translate.swift"; sourceTree = "<group>"; };
		8FEA6B481DA4F895002460BB /* UIBezierPath+Rotate.swift */ = {isa = PBXFileReference; fileEncoding = 4; lastKnownFileType = sourcecode.swift; path = "UIBezierPath+Rotate.swift"; sourceTree = "<group>"; };
		8FEA6B4A1DA4F90D002460BB /* UIBezierPath+Scale.swift */ = {isa = PBXFileReference; fileEncoding = 4; lastKnownFileType = sourcecode.swift; path = "UIBezierPath+Scale.swift"; sourceTree = "<group>"; };
		8FEA6B4E1DA507BA002460BB /* UIBezierPath+Warp.swift */ = {isa = PBXFileReference; fileEncoding = 4; lastKnownFileType = sourcecode.swift; path = "UIBezierPath+Warp.swift"; sourceTree = "<group>"; };
/* End PBXFileReference section */

/* Begin PBXFrameworksBuildPhase section */
		8F7E0C6E1C85E00D00C2104D /* Frameworks */ = {
			isa = PBXFrameworksBuildPhase;
			buildActionMask = 2147483647;
			files = (
				8FC0225F1DA524CC009BC08C /* Easing.framework in Frameworks */,
				8FC022581DA52210009BC08C /* Animation.framework in Frameworks */,
				8F7E0CA21C8701CE00C2104D /* Arithmetic.framework in Frameworks */,
				8F7E0CA31C8701CE00C2104D /* Collections.framework in Frameworks */,
				8F7E0CA51C8701CE00C2104D /* Graphics.framework in Frameworks */,
			);
			runOnlyForDeploymentPostprocessing = 0;
		};
		8F7E0C791C85E00D00C2104D /* Frameworks */ = {
			isa = PBXFrameworksBuildPhase;
			buildActionMask = 2147483647;
			files = (
				8F4B32C31C8DAA0900275253 /* Arithmetic.framework in Frameworks */,
				8F4B32C41C8DAA0900275253 /* Collections.framework in Frameworks */,
				8F4B32C51C8DAA0900275253 /* Graphics.framework in Frameworks */,
				8F7E0C7D1C85E00D00C2104D /* Path.framework in Frameworks */,
			);
			runOnlyForDeploymentPostprocessing = 0;
		};
		8FA50D0B1CABC7CE005D28B6 /* Frameworks */ = {
			isa = PBXFrameworksBuildPhase;
			buildActionMask = 2147483647;
			files = (
				8FA50D251CABC8B0005D28B6 /* Arithmetic.framework in Frameworks */,
				8FA50D201CABC8A7005D28B6 /* Path.framework in Frameworks */,
				8FA50D271CABC8B5005D28B6 /* Collections.framework in Frameworks */,
				8FC022591DA52225009BC08C /* Animation.framework in Frameworks */,
				8FA50D291CABC8BB005D28B6 /* Graphics.framework in Frameworks */,
			);
			runOnlyForDeploymentPostprocessing = 0;
		};
/* End PBXFrameworksBuildPhase section */

/* Begin PBXGroup section */
		8F7E0C681C85E00D00C2104D = {
			isa = PBXGroup;
			children = (
				8F7E0C9C1C86FF1100C2104D /* Cartfile */,
				8F7E0C741C85E00D00C2104D /* Path */,
				8F7E0C801C85E00D00C2104D /* PathTests */,
				8FA50D0F1CABC7CE005D28B6 /* PathDemo */,
				8F7E0C731C85E00D00C2104D /* Products */,
				8FC022561DA5220F009BC08C /* Frameworks */,
			);
			sourceTree = "<group>";
		};
		8F7E0C731C85E00D00C2104D /* Products */ = {
			isa = PBXGroup;
			children = (
				8F7E0C721C85E00D00C2104D /* Path.framework */,
				8F7E0C7C1C85E00D00C2104D /* PathTests.xctest */,
				8FA50D0E1CABC7CE005D28B6 /* PathDemo.app */,
			);
			name = Products;
			sourceTree = "<group>";
		};
		8F7E0C741C85E00D00C2104D /* Path */ = {
			isa = PBXGroup;
			children = (
				8F7E0C8D1C85E27C00C2104D /* PathElement.swift */,
				8F7E0C931C86FCF800C2104D /* UIBezierPath+Elements.swift */,
				8FEA6B4E1DA507BA002460BB /* UIBezierPath+Warp.swift */,
				8F4B32C81C8DB8AC00275253 /* UIBezierPath+Flip.swift */,
				8FEA6B4A1DA4F90D002460BB /* UIBezierPath+Scale.swift */,
				8FEA6B481DA4F895002460BB /* UIBezierPath+Rotate.swift */,
				8FEA6B461DA4F7A2002460BB /* UIBezierPath+Translate.swift */,
				8F7E0C951C86FE3400C2104D /* UIBezierPath+Text.swift */,
				8F7E0CA61C87095900C2104D /* UIBezierPath+Image.swift */,
				8F4B32BF1C8DA11E00275253 /* UIBezierPath+Dash.swift */,
				8F4B32C11C8DA7BB00275253 /* UIBezierPath+Equality.swift */,
				8F4B32C61C8DAEC700275253 /* UIBezierPath+Fit.swift */,
				8F4B32CA1C8ECDCB00275253 /* UIBezierPath+Bounds.swift */,
				8F4D486C1E28EF6300019D96 /* UIBezierPath+Hit.swift */,
				8F97AD461CEEE67C002DF85C /* UIBezierPath+Align.swift */,
				8F55D7931D49152600E58FBB /* UIBezierPath+Copy.swift */,
				8F55D7971D49484200E58FBB /* UIBezierPath+Heart.swift */,
				8F8C21B71DCC834300E7DBD9 /* UIBezierPath+Dots.swift */,
				8F36908C1DDC4C7B0027946A /* UIBezierPath+Triangle.swift */,
				8F36908E1DDC50EE0027946A /* UIBezierPath+Polygon.swift */,
				8F02A5CA1E431377000EE5F1 /* UIBezierPath+Gear.swift */,
				8F97AD481CEEEE79002DF85C /* Alignment.swift */,
				8F7711FB1C897EA900B6B218 /* LineJoin.swift */,
				8F7711FD1C897F8300B6B218 /* LineCap.swift */,
				8F7E0CA81C870A1800C2104D /* Spiral.swift */,
				8F7E0CAA1C870B5200C2104D /* Cresent.swift */,
				8FCAE9301C87171900D69136 /* SuperEllipse.swift */,
				8FCAE9321C87183100D69136 /* Star.swift */,
				8FCAE9341C87184B00D69136 /* Drop.swift */,
				8FCAE9361C8718D000D69136 /* Vector.swift */,
				8F77117A1C872FAD00B6B218 /* Plus.swift */,
				8F77117C1C8730F200B6B218 /* Bars.swift */,
				8FA50D081CABC2BF005D28B6 /* PathLabel.swift */,
				8FC0225B1DA52262009BC08C /* PathLabel+Animate.swift */,
				8F7E0C9B1C86FEAD00C2104D /* Curves */,
				8F7E0C8F1C85FBC600C2104D /* GraphicsPath.swift */,
				8F7E0C911C86F90400C2104D /* CGPath.swift */,
				8F7E0C8C1C85E0AA00C2104D /* Supporting Files */,
			);
			path = Path;
			sourceTree = "<group>";
		};
		8F7E0C801C85E00D00C2104D /* PathTests */ = {
			isa = PBXGroup;
			children = (
				8F7E0C811C85E00D00C2104D /* PathTests.swift */,
				8F7E0C831C85E00D00C2104D /* Info.plist */,
			);
			path = PathTests;
			sourceTree = "<group>";
		};
		8F7E0C8C1C85E0AA00C2104D /* Supporting Files */ = {
			isa = PBXGroup;
			children = (
				8F7E0C751C85E00D00C2104D /* Path.h */,
				8F7E0C771C85E00D00C2104D /* Info.plist */,
			);
			name = "Supporting Files";
			sourceTree = "<group>";
		};
		8F7E0C9B1C86FEAD00C2104D /* Curves */ = {
			isa = PBXGroup;
			children = (
				8F7E0C991C86FE9D00C2104D /* CubicBezierCurve.swift */,
				8F7E0C971C86FE8600C2104D /* UIBezierPath+Curves.swift */,
			);
			name = Curves;
			sourceTree = "<group>";
		};
		8FA50D0F1CABC7CE005D28B6 /* PathDemo */ = {
			isa = PBXGroup;
			children = (
				8FA50D101CABC7CE005D28B6 /* AppDelegate.swift */,
				8FA50D121CABC7CE005D28B6 /* ViewController.swift */,
				8FC022541DA51D5C009BC08C /* DragViewController.swift */,
				8FA50D141CABC7CE005D28B6 /* Main.storyboard */,
				8F8C21BC1DCC890500E7DBD9 /* DotsViewController.swift */,
				8FA50D171CABC7CE005D28B6 /* Assets.xcassets */,
				8FA50D191CABC7CE005D28B6 /* LaunchScreen.storyboard */,
				8FA50D1C1CABC7CE005D28B6 /* Info.plist */,
			);
			path = PathDemo;
			sourceTree = "<group>";
		};
		8FC022561DA5220F009BC08C /* Frameworks */ = {
			isa = PBXGroup;
			children = (
				8FC0225D1DA52498009BC08C /* Easing.framework */,
				8F7E0C9E1C8701CD00C2104D /* Arithmetic.framework */,
				8F7E0C9F1C8701CE00C2104D /* Collections.framework */,
				8F7E0CA11C8701CE00C2104D /* Graphics.framework */,
				8FC022571DA52210009BC08C /* Animation.framework */,
			);
			name = Frameworks;
			sourceTree = "<group>";
		};
/* End PBXGroup section */

/* Begin PBXHeadersBuildPhase section */
		8F7E0C6F1C85E00D00C2104D /* Headers */ = {
			isa = PBXHeadersBuildPhase;
			buildActionMask = 2147483647;
			files = (
				8F7E0C761C85E00D00C2104D /* Path.h in Headers */,
			);
			runOnlyForDeploymentPostprocessing = 0;
		};
/* End PBXHeadersBuildPhase section */

/* Begin PBXNativeTarget section */
		8F7E0C711C85E00D00C2104D /* Path */ = {
			isa = PBXNativeTarget;
			buildConfigurationList = 8F7E0C861C85E00D00C2104D /* Build configuration list for PBXNativeTarget "Path" */;
			buildPhases = (
				8F7E0C6D1C85E00D00C2104D /* Sources */,
				8F7E0C6E1C85E00D00C2104D /* Frameworks */,
				8F7E0C6F1C85E00D00C2104D /* Headers */,
				8F7E0C701C85E00D00C2104D /* Resources */,
			);
			buildRules = (
			);
			dependencies = (
			);
			name = Path;
			productName = Path;
			productReference = 8F7E0C721C85E00D00C2104D /* Path.framework */;
			productType = "com.apple.product-type.framework";
		};
		8F7E0C7B1C85E00D00C2104D /* PathTests */ = {
			isa = PBXNativeTarget;
			buildConfigurationList = 8F7E0C891C85E00D00C2104D /* Build configuration list for PBXNativeTarget "PathTests" */;
			buildPhases = (
				8F7E0C781C85E00D00C2104D /* Sources */,
				8F7E0C791C85E00D00C2104D /* Frameworks */,
				8F7E0C7A1C85E00D00C2104D /* Resources */,
			);
			buildRules = (
			);
			dependencies = (
				8F7E0C7F1C85E00D00C2104D /* PBXTargetDependency */,
			);
			name = PathTests;
			productName = PathTests;
			productReference = 8F7E0C7C1C85E00D00C2104D /* PathTests.xctest */;
			productType = "com.apple.product-type.bundle.unit-test";
		};
		8FA50D0D1CABC7CE005D28B6 /* PathDemo */ = {
			isa = PBXNativeTarget;
			buildConfigurationList = 8FA50D1D1CABC7CE005D28B6 /* Build configuration list for PBXNativeTarget "PathDemo" */;
			buildPhases = (
				8FA50D0A1CABC7CE005D28B6 /* Sources */,
				8FA50D0B1CABC7CE005D28B6 /* Frameworks */,
				8FA50D0C1CABC7CE005D28B6 /* Resources */,
				8FA50D241CABC8A8005D28B6 /* Embed Frameworks */,
			);
			buildRules = (
			);
			dependencies = (
				8FA50D231CABC8A7005D28B6 /* PBXTargetDependency */,
			);
			name = PathDemo;
			productName = PathDemo;
			productReference = 8FA50D0E1CABC7CE005D28B6 /* PathDemo.app */;
			productType = "com.apple.product-type.application";
		};
/* End PBXNativeTarget section */

/* Begin PBXProject section */
		8F7E0C691C85E00D00C2104D /* Project object */ = {
			isa = PBXProject;
			attributes = {
				LastSwiftUpdateCheck = 0720;
				LastUpgradeCheck = 0800;
				ORGANIZATIONNAME = "Christian Otkjær";
				TargetAttributes = {
					8F7E0C711C85E00D00C2104D = {
						CreatedOnToolsVersion = 7.2.1;
						LastSwiftMigration = 0800;
					};
					8F7E0C7B1C85E00D00C2104D = {
						CreatedOnToolsVersion = 7.2.1;
						LastSwiftMigration = 0800;
					};
					8FA50D0D1CABC7CE005D28B6 = {
						CreatedOnToolsVersion = 7.2.1;
						LastSwiftMigration = 0800;
					};
				};
			};
			buildConfigurationList = 8F7E0C6C1C85E00D00C2104D /* Build configuration list for PBXProject "Path" */;
			compatibilityVersion = "Xcode 3.2";
			developmentRegion = English;
			hasScannedForEncodings = 0;
			knownRegions = (
				en,
				Base,
			);
			mainGroup = 8F7E0C681C85E00D00C2104D;
			productRefGroup = 8F7E0C731C85E00D00C2104D /* Products */;
			projectDirPath = "";
			projectRoot = "";
			targets = (
				8F7E0C711C85E00D00C2104D /* Path */,
				8F7E0C7B1C85E00D00C2104D /* PathTests */,
				8FA50D0D1CABC7CE005D28B6 /* PathDemo */,
			);
		};
/* End PBXProject section */

/* Begin PBXResourcesBuildPhase section */
		8F7E0C701C85E00D00C2104D /* Resources */ = {
			isa = PBXResourcesBuildPhase;
			buildActionMask = 2147483647;
			files = (
				8F7E0C9D1C86FF1100C2104D /* Cartfile in Resources */,
			);
			runOnlyForDeploymentPostprocessing = 0;
		};
		8F7E0C7A1C85E00D00C2104D /* Resources */ = {
			isa = PBXResourcesBuildPhase;
			buildActionMask = 2147483647;
			files = (
			);
			runOnlyForDeploymentPostprocessing = 0;
		};
		8FA50D0C1CABC7CE005D28B6 /* Resources */ = {
			isa = PBXResourcesBuildPhase;
			buildActionMask = 2147483647;
			files = (
				8FA50D1B1CABC7CE005D28B6 /* LaunchScreen.storyboard in Resources */,
				8FA50D181CABC7CE005D28B6 /* Assets.xcassets in Resources */,
				8FA50D161CABC7CE005D28B6 /* Main.storyboard in Resources */,
			);
			runOnlyForDeploymentPostprocessing = 0;
		};
/* End PBXResourcesBuildPhase section */

/* Begin PBXSourcesBuildPhase section */
		8F7E0C6D1C85E00D00C2104D /* Sources */ = {
			isa = PBXSourcesBuildPhase;
			buildActionMask = 2147483647;
			files = (
				8F7E0CA91C870A1800C2104D /* Spiral.swift in Sources */,
				8F4B32C01C8DA11E00275253 /* UIBezierPath+Dash.swift in Sources */,
				8F4B32C71C8DAEC700275253 /* UIBezierPath+Fit.swift in Sources */,
				8FCAE9311C87171900D69136 /* SuperEllipse.swift in Sources */,
				8F7711FE1C897F8300B6B218 /* LineCap.swift in Sources */,
				8F36908F1DDC50EE0027946A /* UIBezierPath+Polygon.swift in Sources */,
				8F4B32C91C8DB8AC00275253 /* UIBezierPath+Flip.swift in Sources */,
				8F55D7981D49484200E58FBB /* UIBezierPath+Heart.swift in Sources */,
				8F36908D1DDC4C7B0027946A /* UIBezierPath+Triangle.swift in Sources */,
				8F7E0C8E1C85E27C00C2104D /* PathElement.swift in Sources */,
				8F7E0CAB1C870B5200C2104D /* Cresent.swift in Sources */,
				8F55D7941D49152600E58FBB /* UIBezierPath+Copy.swift in Sources */,
				8F77117D1C8730F200B6B218 /* Bars.swift in Sources */,
				8F8C21B81DCC834300E7DBD9 /* UIBezierPath+Dots.swift in Sources */,
				8F97AD471CEEE67C002DF85C /* UIBezierPath+Align.swift in Sources */,
				8FEA6B471DA4F7A2002460BB /* UIBezierPath+Translate.swift in Sources */,
				8F97AD491CEEEE79002DF85C /* Alignment.swift in Sources */,
				8F4D486D1E28EF6300019D96 /* UIBezierPath+Hit.swift in Sources */,
				8FEA6B491DA4F895002460BB /* UIBezierPath+Rotate.swift in Sources */,
				8F7E0C901C85FBC600C2104D /* GraphicsPath.swift in Sources */,
				8F4B32C21C8DA7BB00275253 /* UIBezierPath+Equality.swift in Sources */,
				8FA50D091CABC2BF005D28B6 /* PathLabel.swift in Sources */,
				8FEA6B4B1DA4F90D002460BB /* UIBezierPath+Scale.swift in Sources */,
				8FCAE9331C87183100D69136 /* Star.swift in Sources */,
				8FEA6B4F1DA507BA002460BB /* UIBezierPath+Warp.swift in Sources */,
				8F7E0C9A1C86FE9D00C2104D /* CubicBezierCurve.swift in Sources */,
				8FCAE9371C8718D000D69136 /* Vector.swift in Sources */,
				8F4B32CB1C8ECDCB00275253 /* UIBezierPath+Bounds.swift in Sources */,
				8F77117B1C872FAD00B6B218 /* Plus.swift in Sources */,
				8F7E0C941C86FCF800C2104D /* UIBezierPath+Elements.swift in Sources */,
				8FC0225C1DA52262009BC08C /* PathLabel+Animate.swift in Sources */,
				8F7E0C921C86F90400C2104D /* CGPath.swift in Sources */,
				8F7E0CA71C87095900C2104D /* UIBezierPath+Image.swift in Sources */,
				8F7E0C961C86FE3400C2104D /* UIBezierPath+Text.swift in Sources */,
				8F02A5CB1E431377000EE5F1 /* UIBezierPath+Gear.swift in Sources */,
				8F7711FC1C897EA900B6B218 /* LineJoin.swift in Sources */,
				8FCAE9351C87184B00D69136 /* Drop.swift in Sources */,
				8F7E0C981C86FE8600C2104D /* UIBezierPath+Curves.swift in Sources */,
			);
			runOnlyForDeploymentPostprocessing = 0;
		};
		8F7E0C781C85E00D00C2104D /* Sources */ = {
			isa = PBXSourcesBuildPhase;
			buildActionMask = 2147483647;
			files = (
				8F7E0C821C85E00D00C2104D /* PathTests.swift in Sources */,
			);
			runOnlyForDeploymentPostprocessing = 0;
		};
		8FA50D0A1CABC7CE005D28B6 /* Sources */ = {
			isa = PBXSourcesBuildPhase;
			buildActionMask = 2147483647;
			files = (
				8F8C21BD1DCC890500E7DBD9 /* DotsViewController.swift in Sources */,
				8FA50D131CABC7CE005D28B6 /* ViewController.swift in Sources */,
				8FC022551DA51D5C009BC08C /* DragViewController.swift in Sources */,
				8FA50D111CABC7CE005D28B6 /* AppDelegate.swift in Sources */,
			);
			runOnlyForDeploymentPostprocessing = 0;
		};
/* End PBXSourcesBuildPhase section */

/* Begin PBXTargetDependency section */
		8F7E0C7F1C85E00D00C2104D /* PBXTargetDependency */ = {
			isa = PBXTargetDependency;
			target = 8F7E0C711C85E00D00C2104D /* Path */;
			targetProxy = 8F7E0C7E1C85E00D00C2104D /* PBXContainerItemProxy */;
		};
		8FA50D231CABC8A7005D28B6 /* PBXTargetDependency */ = {
			isa = PBXTargetDependency;
			target = 8F7E0C711C85E00D00C2104D /* Path */;
			targetProxy = 8FA50D221CABC8A7005D28B6 /* PBXContainerItemProxy */;
		};
/* End PBXTargetDependency section */

/* Begin PBXVariantGroup section */
		8FA50D141CABC7CE005D28B6 /* Main.storyboard */ = {
			isa = PBXVariantGroup;
			children = (
				8FA50D151CABC7CE005D28B6 /* Base */,
			);
			name = Main.storyboard;
			sourceTree = "<group>";
		};
		8FA50D191CABC7CE005D28B6 /* LaunchScreen.storyboard */ = {
			isa = PBXVariantGroup;
			children = (
				8FA50D1A1CABC7CE005D28B6 /* Base */,
			);
			name = LaunchScreen.storyboard;
			sourceTree = "<group>";
		};
/* End PBXVariantGroup section */

/* Begin XCBuildConfiguration section */
		8F7E0C841C85E00D00C2104D /* Debug */ = {
			isa = XCBuildConfiguration;
			buildSettings = {
				ALWAYS_SEARCH_USER_PATHS = NO;
				CLANG_CXX_LANGUAGE_STANDARD = "gnu++0x";
				CLANG_CXX_LIBRARY = "libc++";
				CLANG_ENABLE_MODULES = YES;
				CLANG_ENABLE_OBJC_ARC = YES;
				CLANG_WARN_BOOL_CONVERSION = YES;
				CLANG_WARN_CONSTANT_CONVERSION = YES;
				CLANG_WARN_DIRECT_OBJC_ISA_USAGE = YES_ERROR;
				CLANG_WARN_EMPTY_BODY = YES;
				CLANG_WARN_ENUM_CONVERSION = YES;
				CLANG_WARN_INFINITE_RECURSION = YES;
				CLANG_WARN_INT_CONVERSION = YES;
				CLANG_WARN_OBJC_ROOT_CLASS = YES_ERROR;
				CLANG_WARN_SUSPICIOUS_MOVE = YES;
				CLANG_WARN_UNREACHABLE_CODE = YES;
				CLANG_WARN__DUPLICATE_METHOD_MATCH = YES;
				"CODE_SIGN_IDENTITY[sdk=iphoneos*]" = "iPhone Developer";
				COPY_PHASE_STRIP = NO;
				CURRENT_PROJECT_VERSION = 1;
				DEBUG_INFORMATION_FORMAT = dwarf;
				ENABLE_STRICT_OBJC_MSGSEND = YES;
				ENABLE_TESTABILITY = YES;
				GCC_C_LANGUAGE_STANDARD = gnu99;
				GCC_DYNAMIC_NO_PIC = NO;
				GCC_NO_COMMON_BLOCKS = YES;
				GCC_OPTIMIZATION_LEVEL = 0;
				GCC_PREPROCESSOR_DEFINITIONS = (
					"DEBUG=1",
					"$(inherited)",
				);
				GCC_WARN_64_TO_32_BIT_CONVERSION = YES;
				GCC_WARN_ABOUT_RETURN_TYPE = YES_ERROR;
				GCC_WARN_UNDECLARED_SELECTOR = YES;
				GCC_WARN_UNINITIALIZED_AUTOS = YES_AGGRESSIVE;
				GCC_WARN_UNUSED_FUNCTION = YES;
				GCC_WARN_UNUSED_VARIABLE = YES;
				IPHONEOS_DEPLOYMENT_TARGET = 9.2;
				MTL_ENABLE_DEBUG_INFO = YES;
				ONLY_ACTIVE_ARCH = YES;
				SDKROOT = iphoneos;
				SWIFT_OPTIMIZATION_LEVEL = "-Onone";
				TARGETED_DEVICE_FAMILY = "1,2";
				VERSIONING_SYSTEM = "apple-generic";
				VERSION_INFO_PREFIX = "";
			};
			name = Debug;
		};
		8F7E0C851C85E00D00C2104D /* Release */ = {
			isa = XCBuildConfiguration;
			buildSettings = {
				ALWAYS_SEARCH_USER_PATHS = NO;
				CLANG_CXX_LANGUAGE_STANDARD = "gnu++0x";
				CLANG_CXX_LIBRARY = "libc++";
				CLANG_ENABLE_MODULES = YES;
				CLANG_ENABLE_OBJC_ARC = YES;
				CLANG_WARN_BOOL_CONVERSION = YES;
				CLANG_WARN_CONSTANT_CONVERSION = YES;
				CLANG_WARN_DIRECT_OBJC_ISA_USAGE = YES_ERROR;
				CLANG_WARN_EMPTY_BODY = YES;
				CLANG_WARN_ENUM_CONVERSION = YES;
				CLANG_WARN_INFINITE_RECURSION = YES;
				CLANG_WARN_INT_CONVERSION = YES;
				CLANG_WARN_OBJC_ROOT_CLASS = YES_ERROR;
				CLANG_WARN_SUSPICIOUS_MOVE = YES;
				CLANG_WARN_UNREACHABLE_CODE = YES;
				CLANG_WARN__DUPLICATE_METHOD_MATCH = YES;
				"CODE_SIGN_IDENTITY[sdk=iphoneos*]" = "iPhone Developer";
				COPY_PHASE_STRIP = NO;
				CURRENT_PROJECT_VERSION = 1;
				DEBUG_INFORMATION_FORMAT = "dwarf-with-dsym";
				ENABLE_NS_ASSERTIONS = NO;
				ENABLE_STRICT_OBJC_MSGSEND = YES;
				GCC_C_LANGUAGE_STANDARD = gnu99;
				GCC_NO_COMMON_BLOCKS = YES;
				GCC_WARN_64_TO_32_BIT_CONVERSION = YES;
				GCC_WARN_ABOUT_RETURN_TYPE = YES_ERROR;
				GCC_WARN_UNDECLARED_SELECTOR = YES;
				GCC_WARN_UNINITIALIZED_AUTOS = YES_AGGRESSIVE;
				GCC_WARN_UNUSED_FUNCTION = YES;
				GCC_WARN_UNUSED_VARIABLE = YES;
				IPHONEOS_DEPLOYMENT_TARGET = 9.2;
				MTL_ENABLE_DEBUG_INFO = NO;
				SDKROOT = iphoneos;
				SWIFT_OPTIMIZATION_LEVEL = "-Owholemodule";
				TARGETED_DEVICE_FAMILY = "1,2";
				VALIDATE_PRODUCT = YES;
				VERSIONING_SYSTEM = "apple-generic";
				VERSION_INFO_PREFIX = "";
			};
			name = Release;
		};
		8F7E0C871C85E00D00C2104D /* Debug */ = {
			isa = XCBuildConfiguration;
			buildSettings = {
				CLANG_ENABLE_MODULES = YES;
				"CODE_SIGN_IDENTITY[sdk=iphoneos*]" = "";
				DEFINES_MODULE = YES;
				DYLIB_COMPATIBILITY_VERSION = 1;
				DYLIB_CURRENT_VERSION = 1;
				DYLIB_INSTALL_NAME_BASE = "@rpath";
				FRAMEWORK_SEARCH_PATHS = (
					"$(inherited)",
					"$(PROJECT_DIR)/Carthage/Build/iOS",
				);
				INFOPLIST_FILE = Path/Info.plist;
				INSTALL_PATH = "$(LOCAL_LIBRARY_DIR)/Frameworks";
				LD_RUNPATH_SEARCH_PATHS = "$(inherited) @executable_path/Frameworks @loader_path/Frameworks";
				PRODUCT_BUNDLE_IDENTIFIER = "com.silverback-it.Path";
				PRODUCT_NAME = "$(TARGET_NAME)";
				SKIP_INSTALL = YES;
				SWIFT_OPTIMIZATION_LEVEL = "-Onone";
				SWIFT_VERSION = 3.0;
			};
			name = Debug;
		};
		8F7E0C881C85E00D00C2104D /* Release */ = {
			isa = XCBuildConfiguration;
			buildSettings = {
				CLANG_ENABLE_MODULES = YES;
				"CODE_SIGN_IDENTITY[sdk=iphoneos*]" = "";
				DEFINES_MODULE = YES;
				DYLIB_COMPATIBILITY_VERSION = 1;
				DYLIB_CURRENT_VERSION = 1;
				DYLIB_INSTALL_NAME_BASE = "@rpath";
				FRAMEWORK_SEARCH_PATHS = (
					"$(inherited)",
					"$(PROJECT_DIR)/Carthage/Build/iOS",
				);
				INFOPLIST_FILE = Path/Info.plist;
				INSTALL_PATH = "$(LOCAL_LIBRARY_DIR)/Frameworks";
				LD_RUNPATH_SEARCH_PATHS = "$(inherited) @executable_path/Frameworks @loader_path/Frameworks";
				PRODUCT_BUNDLE_IDENTIFIER = "com.silverback-it.Path";
				PRODUCT_NAME = "$(TARGET_NAME)";
				SKIP_INSTALL = YES;
				SWIFT_VERSION = 3.0;
			};
			name = Release;
		};
		8F7E0C8A1C85E00D00C2104D /* Debug */ = {
			isa = XCBuildConfiguration;
			buildSettings = {
				FRAMEWORK_SEARCH_PATHS = (
					"$(inherited)",
					"$(PROJECT_DIR)/Carthage/Build/iOS",
				);
				INFOPLIST_FILE = PathTests/Info.plist;
				LD_RUNPATH_SEARCH_PATHS = "$(inherited) @executable_path/Frameworks @loader_path/Frameworks $(PROJECT_DIR)/Carthage/Build/iOS";
				PRODUCT_BUNDLE_IDENTIFIER = "com.silverback-it.PathTests";
				PRODUCT_NAME = "$(TARGET_NAME)";
				SWIFT_VERSION = 3.0;
			};
			name = Debug;
		};
		8F7E0C8B1C85E00D00C2104D /* Release */ = {
			isa = XCBuildConfiguration;
			buildSettings = {
				FRAMEWORK_SEARCH_PATHS = (
					"$(inherited)",
					"$(PROJECT_DIR)/Carthage/Build/iOS",
				);
				INFOPLIST_FILE = PathTests/Info.plist;
				LD_RUNPATH_SEARCH_PATHS = "$(inherited) @executable_path/Frameworks @loader_path/Frameworks $(PROJECT_DIR)/Carthage/Build/iOS";
				PRODUCT_BUNDLE_IDENTIFIER = "com.silverback-it.PathTests";
				PRODUCT_NAME = "$(TARGET_NAME)";
				SWIFT_VERSION = 3.0;
			};
			name = Release;
		};
		8FA50D1E1CABC7CE005D28B6 /* Debug */ = {
			isa = XCBuildConfiguration;
			buildSettings = {
				ALWAYS_EMBED_SWIFT_STANDARD_LIBRARIES = YES;
				ASSETCATALOG_COMPILER_APPICON_NAME = AppIcon;
				FRAMEWORK_SEARCH_PATHS = (
					"$(inherited)",
					"$(PROJECT_DIR)/Carthage/Build/iOS",
				);
				INFOPLIST_FILE = PathDemo/Info.plist;
				LD_RUNPATH_SEARCH_PATHS = "$(inherited) @executable_path/Frameworks";
				PRODUCT_BUNDLE_IDENTIFIER = "com.silverback-it.PathDemo";
				PRODUCT_NAME = "$(TARGET_NAME)";
				SWIFT_VERSION = 3.0;
			};
			name = Debug;
		};
		8FA50D1F1CABC7CE005D28B6 /* Release */ = {
			isa = XCBuildConfiguration;
			buildSettings = {
				ALWAYS_EMBED_SWIFT_STANDARD_LIBRARIES = YES;
				ASSETCATALOG_COMPILER_APPICON_NAME = AppIcon;
				FRAMEWORK_SEARCH_PATHS = (
					"$(inherited)",
					"$(PROJECT_DIR)/Carthage/Build/iOS",
				);
				INFOPLIST_FILE = PathDemo/Info.plist;
				LD_RUNPATH_SEARCH_PATHS = "$(inherited) @executable_path/Frameworks";
				PRODUCT_BUNDLE_IDENTIFIER = "com.silverback-it.PathDemo";
				PRODUCT_NAME = "$(TARGET_NAME)";
				SWIFT_VERSION = 3.0;
			};
			name = Release;
		};
/* End XCBuildConfiguration section */

/* Begin XCConfigurationList section */
		8F7E0C6C1C85E00D00C2104D /* Build configuration list for PBXProject "Path" */ = {
			isa = XCConfigurationList;
			buildConfigurations = (
				8F7E0C841C85E00D00C2104D /* Debug */,
				8F7E0C851C85E00D00C2104D /* Release */,
			);
			defaultConfigurationIsVisible = 0;
			defaultConfigurationName = Release;
		};
		8F7E0C861C85E00D00C2104D /* Build configuration list for PBXNativeTarget "Path" */ = {
			isa = XCConfigurationList;
			buildConfigurations = (
				8F7E0C871C85E00D00C2104D /* Debug */,
				8F7E0C881C85E00D00C2104D /* Release */,
			);
			defaultConfigurationIsVisible = 0;
			defaultConfigurationName = Release;
		};
		8F7E0C891C85E00D00C2104D /* Build configuration list for PBXNativeTarget "PathTests" */ = {
			isa = XCConfigurationList;
			buildConfigurations = (
				8F7E0C8A1C85E00D00C2104D /* Debug */,
				8F7E0C8B1C85E00D00C2104D /* Release */,
			);
			defaultConfigurationIsVisible = 0;
			defaultConfigurationName = Release;
		};
		8FA50D1D1CABC7CE005D28B6 /* Build configuration list for PBXNativeTarget "PathDemo" */ = {
			isa = XCConfigurationList;
			buildConfigurations = (
				8FA50D1E1CABC7CE005D28B6 /* Debug */,
				8FA50D1F1CABC7CE005D28B6 /* Release */,
			);
			defaultConfigurationIsVisible = 0;
			defaultConfigurationName = Release;
		};
/* End XCConfigurationList section */
	};
	rootObject = 8F7E0C691C85E00D00C2104D /* Project object */;
}
